// !$*UTF8*$!
{
	archiveVersion = 1;
	classes = {
	};
	objectVersion = 50;
	objects = {

/* Begin PBXBuildFile section */
		ECAFE95F247D3FA6000E122C /* AppDelegate.swift in Sources */ = {isa = PBXBuildFile; fileRef = ECAFE95E247D3FA6000E122C /* AppDelegate.swift */; };
		ECAFE961247D3FA6000E122C /* ViewController.swift in Sources */ = {isa = PBXBuildFile; fileRef = ECAFE960247D3FA6000E122C /* ViewController.swift */; };
		ECAFE964247D3FA6000E122C /* Main.storyboard in Resources */ = {isa = PBXBuildFile; fileRef = ECAFE962247D3FA6000E122C /* Main.storyboard */; };
		ECAFE966247D3FA8000E122C /* Assets.xcassets in Resources */ = {isa = PBXBuildFile; fileRef = ECAFE965247D3FA8000E122C /* Assets.xcassets */; };
		ECAFE969247D3FA8000E122C /* LaunchScreen.storyboard in Resources */ = {isa = PBXBuildFile; fileRef = ECAFE967247D3FA8000E122C /* LaunchScreen.storyboard */; };
		ECAFE974247D3FA8000E122C /* CurrencyConverterTests.swift in Sources */ = {isa = PBXBuildFile; fileRef = ECAFE973247D3FA8000E122C /* CurrencyConverterTests.swift */; };
		ECAFE97F247D3FA8000E122C /* CurrencyConverterUITests.swift in Sources */ = {isa = PBXBuildFile; fileRef = ECAFE97E247D3FA8000E122C /* CurrencyConverterUITests.swift */; };
/* End PBXBuildFile section */

/* Begin PBXContainerItemProxy section */
		ECAFE970247D3FA8000E122C /* PBXContainerItemProxy */ = {
			isa = PBXContainerItemProxy;
			containerPortal = ECAFE953247D3FA6000E122C /* Project object */;
			proxyType = 1;
			remoteGlobalIDString = ECAFE95A247D3FA6000E122C;
			remoteInfo = CurrencyConverter;
		};
		ECAFE97B247D3FA8000E122C /* PBXContainerItemProxy */ = {
			isa = PBXContainerItemProxy;
			containerPortal = ECAFE953247D3FA6000E122C /* Project object */;
			proxyType = 1;
			remoteGlobalIDString = ECAFE95A247D3FA6000E122C;
			remoteInfo = CurrencyConverter;
		};
/* End PBXContainerItemProxy section */

/* Begin PBXFileReference section */
		ECAFE95B247D3FA6000E122C /* CurrencyConverter.app */ = {isa = PBXFileReference; explicitFileType = wrapper.application; includeInIndex = 0; path = CurrencyConverter.app; sourceTree = BUILT_PRODUCTS_DIR; };
		ECAFE95E247D3FA6000E122C /* AppDelegate.swift */ = {isa = PBXFileReference; lastKnownFileType = sourcecode.swift; path = AppDelegate.swift; sourceTree = "<group>"; };
		ECAFE960247D3FA6000E122C /* ViewController.swift */ = {isa = PBXFileReference; lastKnownFileType = sourcecode.swift; path = ViewController.swift; sourceTree = "<group>"; };
		ECAFE963247D3FA6000E122C /* Base */ = {isa = PBXFileReference; lastKnownFileType = file.storyboard; name = Base; path = Base.lproj/Main.storyboard; sourceTree = "<group>"; };
		ECAFE965247D3FA8000E122C /* Assets.xcassets */ = {isa = PBXFileReference; lastKnownFileType = folder.assetcatalog; path = Assets.xcassets; sourceTree = "<group>"; };
		ECAFE968247D3FA8000E122C /* Base */ = {isa = PBXFileReference; lastKnownFileType = file.storyboard; name = Base; path = Base.lproj/LaunchScreen.storyboard; sourceTree = "<group>"; };
		ECAFE96A247D3FA8000E122C /* Info.plist */ = {isa = PBXFileReference; lastKnownFileType = text.plist.xml; path = Info.plist; sourceTree = "<group>"; };
		ECAFE96F247D3FA8000E122C /* CurrencyConverterTests.xctest */ = {isa = PBXFileReference; explicitFileType = wrapper.cfbundle; includeInIndex = 0; path = CurrencyConverterTests.xctest; sourceTree = BUILT_PRODUCTS_DIR; };
		ECAFE973247D3FA8000E122C /* CurrencyConverterTests.swift */ = {isa = PBXFileReference; lastKnownFileType = sourcecode.swift; path = CurrencyConverterTests.swift; sourceTree = "<group>"; };
		ECAFE975247D3FA8000E122C /* Info.plist */ = {isa = PBXFileReference; lastKnownFileType = text.plist.xml; path = Info.plist; sourceTree = "<group>"; };
		ECAFE97A247D3FA8000E122C /* CurrencyConverterUITests.xctest */ = {isa = PBXFileReference; explicitFileType = wrapper.cfbundle; includeInIndex = 0; path = CurrencyConverterUITests.xctest; sourceTree = BUILT_PRODUCTS_DIR; };
		ECAFE97E247D3FA8000E122C /* CurrencyConverterUITests.swift */ = {isa = PBXFileReference; lastKnownFileType = sourcecode.swift; path = CurrencyConverterUITests.swift; sourceTree = "<group>"; };
		ECAFE980247D3FA8000E122C /* Info.plist */ = {isa = PBXFileReference; lastKnownFileType = text.plist.xml; path = Info.plist; sourceTree = "<group>"; };
/* End PBXFileReference section */

/* Begin PBXFrameworksBuildPhase section */
		ECAFE958247D3FA6000E122C /* Frameworks */ = {
			isa = PBXFrameworksBuildPhase;
			buildActionMask = 2147483647;
			files = (
			);
			runOnlyForDeploymentPostprocessing = 0;
		};
		ECAFE96C247D3FA8000E122C /* Frameworks */ = {
			isa = PBXFrameworksBuildPhase;
			buildActionMask = 2147483647;
			files = (
			);
			runOnlyForDeploymentPostprocessing = 0;
		};
		ECAFE977247D3FA8000E122C /* Frameworks */ = {
			isa = PBXFrameworksBuildPhase;
			buildActionMask = 2147483647;
			files = (
			);
			runOnlyForDeploymentPostprocessing = 0;
		};
/* End PBXFrameworksBuildPhase section */

/* Begin PBXGroup section */
		ECAFE952247D3FA6000E122C = {
			isa = PBXGroup;
			children = (
				ECAFE95D247D3FA6000E122C /* CurrencyConverter */,
				ECAFE972247D3FA8000E122C /* CurrencyConverterTests */,
				ECAFE97D247D3FA8000E122C /* CurrencyConverterUITests */,
				ECAFE95C247D3FA6000E122C /* Products */,
			);
			sourceTree = "<group>";
		};
		ECAFE95C247D3FA6000E122C /* Products */ = {
			isa = PBXGroup;
			children = (
				ECAFE95B247D3FA6000E122C /* CurrencyConverter.app */,
				ECAFE96F247D3FA8000E122C /* CurrencyConverterTests.xctest */,
				ECAFE97A247D3FA8000E122C /* CurrencyConverterUITests.xctest */,
			);
			name = Products;
			sourceTree = "<group>";
		};
		ECAFE95D247D3FA6000E122C /* CurrencyConverter */ = {
			isa = PBXGroup;
			children = (
				ECAFE95E247D3FA6000E122C /* AppDelegate.swift */,
				ECAFE960247D3FA6000E122C /* ViewController.swift */,
				ECAFE962247D3FA6000E122C /* Main.storyboard */,
				ECAFE965247D3FA8000E122C /* Assets.xcassets */,
				ECAFE967247D3FA8000E122C /* LaunchScreen.storyboard */,
				ECAFE96A247D3FA8000E122C /* Info.plist */,
			);
			path = CurrencyConverter;
			sourceTree = "<group>";
		};
		ECAFE972247D3FA8000E122C /* CurrencyConverterTests */ = {
			isa = PBXGroup;
			children = (
				ECAFE973247D3FA8000E122C /* CurrencyConverterTests.swift */,
				ECAFE975247D3FA8000E122C /* Info.plist */,
			);
			path = CurrencyConverterTests;
			sourceTree = "<group>";
		};
		ECAFE97D247D3FA8000E122C /* CurrencyConverterUITests */ = {
			isa = PBXGroup;
			children = (
				ECAFE97E247D3FA8000E122C /* CurrencyConverterUITests.swift */,
				ECAFE980247D3FA8000E122C /* Info.plist */,
			);
			path = CurrencyConverterUITests;
			sourceTree = "<group>";
		};
/* End PBXGroup section */

/* Begin PBXNativeTarget section */
		ECAFE95A247D3FA6000E122C /* CurrencyConverter */ = {
			isa = PBXNativeTarget;
			buildConfigurationList = ECAFE983247D3FA8000E122C /* Build configuration list for PBXNativeTarget "CurrencyConverter" */;
			buildPhases = (
				ECAFE957247D3FA6000E122C /* Sources */,
				ECAFE958247D3FA6000E122C /* Frameworks */,
				ECAFE959247D3FA6000E122C /* Resources */,
			);
			buildRules = (
			);
			dependencies = (
			);
			name = CurrencyConverter;
			productName = CurrencyConverter;
			productReference = ECAFE95B247D3FA6000E122C /* CurrencyConverter.app */;
			productType = "com.apple.product-type.application";
		};
		ECAFE96E247D3FA8000E122C /* CurrencyConverterTests */ = {
			isa = PBXNativeTarget;
			buildConfigurationList = ECAFE986247D3FA8000E122C /* Build configuration list for PBXNativeTarget "CurrencyConverterTests" */;
			buildPhases = (
				ECAFE96B247D3FA8000E122C /* Sources */,
				ECAFE96C247D3FA8000E122C /* Frameworks */,
				ECAFE96D247D3FA8000E122C /* Resources */,
			);
			buildRules = (
			);
			dependencies = (
				ECAFE971247D3FA8000E122C /* PBXTargetDependency */,
			);
			name = CurrencyConverterTests;
			productName = CurrencyConverterTests;
			productReference = ECAFE96F247D3FA8000E122C /* CurrencyConverterTests.xctest */;
			productType = "com.apple.product-type.bundle.unit-test";
		};
		ECAFE979247D3FA8000E122C /* CurrencyConverterUITests */ = {
			isa = PBXNativeTarget;
			buildConfigurationList = ECAFE989247D3FA8000E122C /* Build configuration list for PBXNativeTarget "CurrencyConverterUITests" */;
			buildPhases = (
				ECAFE976247D3FA8000E122C /* Sources */,
				ECAFE977247D3FA8000E122C /* Frameworks */,
				ECAFE978247D3FA8000E122C /* Resources */,
			);
			buildRules = (
			);
			dependencies = (
				ECAFE97C247D3FA8000E122C /* PBXTargetDependency */,
			);
			name = CurrencyConverterUITests;
			productName = CurrencyConverterUITests;
			productReference = ECAFE97A247D3FA8000E122C /* CurrencyConverterUITests.xctest */;
			productType = "com.apple.product-type.bundle.ui-testing";
		};
/* End PBXNativeTarget section */

/* Begin PBXProject section */
		ECAFE953247D3FA6000E122C /* Project object */ = {
			isa = PBXProject;
			attributes = {
				LastSwiftUpdateCheck = 1000;
				LastUpgradeCheck = 1000;
				ORGANIZATIONNAME = "Yongping Chen";
				TargetAttributes = {
					ECAFE95A247D3FA6000E122C = {
						CreatedOnToolsVersion = 10.0;
					};
					ECAFE96E247D3FA8000E122C = {
						CreatedOnToolsVersion = 10.0;
						TestTargetID = ECAFE95A247D3FA6000E122C;
					};
					ECAFE979247D3FA8000E122C = {
						CreatedOnToolsVersion = 10.0;
						TestTargetID = ECAFE95A247D3FA6000E122C;
					};
				};
			};
			buildConfigurationList = ECAFE956247D3FA6000E122C /* Build configuration list for PBXProject "CurrencyConverter" */;
			compatibilityVersion = "Xcode 9.3";
			developmentRegion = en;
			hasScannedForEncodings = 0;
			knownRegions = (
				en,
				Base,
			);
			mainGroup = ECAFE952247D3FA6000E122C;
			productRefGroup = ECAFE95C247D3FA6000E122C /* Products */;
			projectDirPath = "";
			projectRoot = "";
			targets = (
				ECAFE95A247D3FA6000E122C /* CurrencyConverter */,
				ECAFE96E247D3FA8000E122C /* CurrencyConverterTests */,
				ECAFE979247D3FA8000E122C /* CurrencyConverterUITests */,
			);
		};
/* End PBXProject section */

/* Begin PBXResourcesBuildPhase section */
		ECAFE959247D3FA6000E122C /* Resources */ = {
			isa = PBXResourcesBuildPhase;
			buildActionMask = 2147483647;
			files = (
				ECAFE969247D3FA8000E122C /* LaunchScreen.storyboard in Resources */,
				ECAFE966247D3FA8000E122C /* Assets.xcassets in Resources */,
				ECAFE964247D3FA6000E122C /* Main.storyboard in Resources */,
			);
			runOnlyForDeploymentPostprocessing = 0;
		};
		ECAFE96D247D3FA8000E122C /* Resources */ = {
			isa = PBXResourcesBuildPhase;
			buildActionMask = 2147483647;
			files = (
			);
			runOnlyForDeploymentPostprocessing = 0;
		};
		ECAFE978247D3FA8000E122C /* Resources */ = {
			isa = PBXResourcesBuildPhase;
			buildActionMask = 2147483647;
			files = (
			);
			runOnlyForDeploymentPostprocessing = 0;
		};
/* End PBXResourcesBuildPhase section */

/* Begin PBXSourcesBuildPhase section */
		ECAFE957247D3FA6000E122C /* Sources */ = {
			isa = PBXSourcesBuildPhase;
			buildActionMask = 2147483647;
			files = (
				ECAFE961247D3FA6000E122C /* ViewController.swift in Sources */,
				ECAFE95F247D3FA6000E122C /* AppDelegate.swift in Sources */,
			);
			runOnlyForDeploymentPostprocessing = 0;
		};
		ECAFE96B247D3FA8000E122C /* Sources */ = {
			isa = PBXSourcesBuildPhase;
			buildActionMask = 2147483647;
			files = (
				ECAFE974247D3FA8000E122C /* CurrencyConverterTests.swift in Sources */,
			);
			runOnlyForDeploymentPostprocessing = 0;
		};
		ECAFE976247D3FA8000E122C /* Sources */ = {
			isa = PBXSourcesBuildPhase;
			buildActionMask = 2147483647;
			files = (
				ECAFE97F247D3FA8000E122C /* CurrencyConverterUITests.swift in Sources */,
			);
			runOnlyForDeploymentPostprocessing = 0;
		};
/* End PBXSourcesBuildPhase section */

/* Begin PBXTargetDependency section */
		ECAFE971247D3FA8000E122C /* PBXTargetDependency */ = {
			isa = PBXTargetDependency;
			target = ECAFE95A247D3FA6000E122C /* CurrencyConverter */;
			targetProxy = ECAFE970247D3FA8000E122C /* PBXContainerItemProxy */;
		};
		ECAFE97C247D3FA8000E122C /* PBXTargetDependency */ = {
			isa = PBXTargetDependency;
			target = ECAFE95A247D3FA6000E122C /* CurrencyConverter */;
			targetProxy = ECAFE97B247D3FA8000E122C /* PBXContainerItemProxy */;
		};
/* End PBXTargetDependency section */

/* Begin PBXVariantGroup section */
		ECAFE962247D3FA6000E122C /* Main.storyboard */ = {
			isa = PBXVariantGroup;
			children = (
				ECAFE963247D3FA6000E122C /* Base */,
			);
			name = Main.storyboard;
			sourceTree = "<group>";
		};
		ECAFE967247D3FA8000E122C /* LaunchScreen.storyboard */ = {
			isa = PBXVariantGroup;
			children = (
				ECAFE968247D3FA8000E122C /* Base */,
			);
			name = LaunchScreen.storyboard;
			sourceTree = "<group>";
		};
/* End PBXVariantGroup section */

/* Begin XCBuildConfiguration section */
		ECAFE981247D3FA8000E122C /* Debug */ = {
			isa = XCBuildConfiguration;
			buildSettings = {
				ALWAYS_SEARCH_USER_PATHS = NO;
				CLANG_ANALYZER_NONNULL = YES;
				CLANG_ANALYZER_NUMBER_OBJECT_CONVERSION = YES_AGGRESSIVE;
				CLANG_CXX_LANGUAGE_STANDARD = "gnu++14";
				CLANG_CXX_LIBRARY = "libc++";
				CLANG_ENABLE_MODULES = YES;
				CLANG_ENABLE_OBJC_ARC = YES;
				CLANG_ENABLE_OBJC_WEAK = YES;
				CLANG_WARN_BLOCK_CAPTURE_AUTORELEASING = YES;
				CLANG_WARN_BOOL_CONVERSION = YES;
				CLANG_WARN_COMMA = YES;
				CLANG_WARN_CONSTANT_CONVERSION = YES;
				CLANG_WARN_DEPRECATED_OBJC_IMPLEMENTATIONS = YES;
				CLANG_WARN_DIRECT_OBJC_ISA_USAGE = YES_ERROR;
				CLANG_WARN_DOCUMENTATION_COMMENTS = YES;
				CLANG_WARN_EMPTY_BODY = YES;
				CLANG_WARN_ENUM_CONVERSION = YES;
				CLANG_WARN_INFINITE_RECURSION = YES;
				CLANG_WARN_INT_CONVERSION = YES;
				CLANG_WARN_NON_LITERAL_NULL_CONVERSION = YES;
				CLANG_WARN_OBJC_IMPLICIT_RETAIN_SELF = YES;
				CLANG_WARN_OBJC_LITERAL_CONVERSION = YES;
				CLANG_WARN_OBJC_ROOT_CLASS = YES_ERROR;
				CLANG_WARN_RANGE_LOOP_ANALYSIS = YES;
				CLANG_WARN_STRICT_PROTOTYPES = YES;
				CLANG_WARN_SUSPICIOUS_MOVE = YES;
				CLANG_WARN_UNGUARDED_AVAILABILITY = YES_AGGRESSIVE;
				CLANG_WARN_UNREACHABLE_CODE = YES;
				CLANG_WARN__DUPLICATE_METHOD_MATCH = YES;
				CODE_SIGN_IDENTITY = "iPhone Developer";
				COPY_PHASE_STRIP = NO;
				DEBUG_INFORMATION_FORMAT = dwarf;
				ENABLE_STRICT_OBJC_MSGSEND = YES;
				ENABLE_TESTABILITY = YES;
				GCC_C_LANGUAGE_STANDARD = gnu11;
				GCC_DYNAMIC_NO_PIC = NO;
				GCC_NO_COMMON_BLOCKS = YES;
				GCC_OPTIMIZATION_LEVEL = 0;
				GCC_PREPROCESSOR_DEFINITIONS = (
					"DEBUG=1",
					"$(inherited)",
				);
				GCC_WARN_64_TO_32_BIT_CONVERSION = YES;
				GCC_WARN_ABOUT_RETURN_TYPE = YES_ERROR;
				GCC_WARN_UNDECLARED_SELECTOR = YES;
				GCC_WARN_UNINITIALIZED_AUTOS = YES_AGGRESSIVE;
				GCC_WARN_UNUSED_FUNCTION = YES;
				GCC_WARN_UNUSED_VARIABLE = YES;
				IPHONEOS_DEPLOYMENT_TARGET = 12.0;
				MTL_ENABLE_DEBUG_INFO = INCLUDE_SOURCE;
				MTL_FAST_MATH = YES;
				ONLY_ACTIVE_ARCH = YES;
				SDKROOT = iphoneos;
				SWIFT_ACTIVE_COMPILATION_CONDITIONS = DEBUG;
				SWIFT_OPTIMIZATION_LEVEL = "-Onone";
			};
			name = Debug;
		};
		ECAFE982247D3FA8000E122C /* Release */ = {
			isa = XCBuildConfiguration;
			buildSettings = {
				ALWAYS_SEARCH_USER_PATHS = NO;
				CLANG_ANALYZER_NONNULL = YES;
				CLANG_ANALYZER_NUMBER_OBJECT_CONVERSION = YES_AGGRESSIVE;
				CLANG_CXX_LANGUAGE_STANDARD = "gnu++14";
				CLANG_CXX_LIBRARY = "libc++";
				CLANG_ENABLE_MODULES = YES;
				CLANG_ENABLE_OBJC_ARC = YES;
				CLANG_ENABLE_OBJC_WEAK = YES;
				CLANG_WARN_BLOCK_CAPTURE_AUTORELEASING = YES;
				CLANG_WARN_BOOL_CONVERSION = YES;
				CLANG_WARN_COMMA = YES;
				CLANG_WARN_CONSTANT_CONVERSION = YES;
				CLANG_WARN_DEPRECATED_OBJC_IMPLEMENTATIONS = YES;
				CLANG_WARN_DIRECT_OBJC_ISA_USAGE = YES_ERROR;
				CLANG_WARN_DOCUMENTATION_COMMENTS = YES;
				CLANG_WARN_EMPTY_BODY = YES;
				CLANG_WARN_ENUM_CONVERSION = YES;
				CLANG_WARN_INFINITE_RECURSION = YES;
				CLANG_WARN_INT_CONVERSION = YES;
				CLANG_WARN_NON_LITERAL_NULL_CONVERSION = YES;
				CLANG_WARN_OBJC_IMPLICIT_RETAIN_SELF = YES;
				CLANG_WARN_OBJC_LITERAL_CONVERSION = YES;
				CLANG_WARN_OBJC_ROOT_CLASS = YES_ERROR;
				CLANG_WARN_RANGE_LOOP_ANALYSIS = YES;
				CLANG_WARN_STRICT_PROTOTYPES = YES;
				CLANG_WARN_SUSPICIOUS_MOVE = YES;
				CLANG_WARN_UNGUARDED_AVAILABILITY = YES_AGGRESSIVE;
				CLANG_WARN_UNREACHABLE_CODE = YES;
				CLANG_WARN__DUPLICATE_METHOD_MATCH = YES;
				CODE_SIGN_IDENTITY = "iPhone Developer";
				COPY_PHASE_STRIP = NO;
				DEBUG_INFORMATION_FORMAT = "dwarf-with-dsym";
				ENABLE_NS_ASSERTIONS = NO;
				ENABLE_STRICT_OBJC_MSGSEND = YES;
				GCC_C_LANGUAGE_STANDARD = gnu11;
				GCC_NO_COMMON_BLOCKS = YES;
				GCC_WARN_64_TO_32_BIT_CONVERSION = YES;
				GCC_WARN_ABOUT_RETURN_TYPE = YES_ERROR;
				GCC_WARN_UNDECLARED_SELECTOR = YES;
				GCC_WARN_UNINITIALIZED_AUTOS = YES_AGGRESSIVE;
				GCC_WARN_UNUSED_FUNCTION = YES;
				GCC_WARN_UNUSED_VARIABLE = YES;
				IPHONEOS_DEPLOYMENT_TARGET = 12.0;
				MTL_ENABLE_DEBUG_INFO = NO;
				MTL_FAST_MATH = YES;
				SDKROOT = iphoneos;
				SWIFT_COMPILATION_MODE = wholemodule;
				SWIFT_OPTIMIZATION_LEVEL = "-O";
				VALIDATE_PRODUCT = YES;
			};
			name = Release;
		};
		ECAFE984247D3FA8000E122C /* Debug */ = {
			isa = XCBuildConfiguration;
			buildSettings = {
				ASSETCATALOG_COMPILER_APPICON_NAME = AppIcon;
				CODE_SIGN_STYLE = Automatic;
				INFOPLIST_FILE = CurrencyConverter/Info.plist;
				LD_RUNPATH_SEARCH_PATHS = (
					"$(inherited)",
					"@executable_path/Frameworks",
				);
				PRODUCT_BUNDLE_IDENTIFIER = tenshi.tech.CurrencyConverter;
				PRODUCT_NAME = "$(TARGET_NAME)";
				SWIFT_VERSION = 4.2;
				TARGETED_DEVICE_FAMILY = "1,2";
			};
			name = Debug;
		};
		ECAFE985247D3FA8000E122C /* Release */ = {
			isa = XCBuildConfiguration;
			buildSettings = {
				ASSETCATALOG_COMPILER_APPICON_NAME = AppIcon;
				CODE_SIGN_STYLE = Automatic;
				INFOPLIST_FILE = CurrencyConverter/Info.plist;
				LD_RUNPATH_SEARCH_PATHS = (
					"$(inherited)",
					"@executable_path/Frameworks",
				);
				PRODUCT_BUNDLE_IDENTIFIER = tenshi.tech.CurrencyConverter;
				PRODUCT_NAME = "$(TARGET_NAME)";
				SWIFT_VERSION = 4.2;
				TARGETED_DEVICE_FAMILY = "1,2";
			};
			name = Release;
		};
		ECAFE987247D3FA8000E122C /* Debug */ = {
			isa = XCBuildConfiguration;
			buildSettings = {
				ALWAYS_EMBED_SWIFT_STANDARD_LIBRARIES = YES;
				BUNDLE_LOADER = "$(TEST_HOST)";
				CODE_SIGN_STYLE = Automatic;
				INFOPLIST_FILE = CurrencyConverterTests/Info.plist;
				LD_RUNPATH_SEARCH_PATHS = (
					"$(inherited)",
					"@executable_path/Frameworks",
					"@loader_path/Frameworks",
				);
				PRODUCT_BUNDLE_IDENTIFIER = tenshi.tech.CurrencyConverterTests;
				PRODUCT_NAME = "$(TARGET_NAME)";
				SWIFT_VERSION = 4.2;
				TARGETED_DEVICE_FAMILY = "1,2";
				TEST_HOST = "$(BUILT_PRODUCTS_DIR)/CurrencyConverter.app/CurrencyConverter";
			};
			name = Debug;
		};
		ECAFE988247D3FA8000E122C /* Release */ = {
			isa = XCBuildConfiguration;
			buildSettings = {
				ALWAYS_EMBED_SWIFT_STANDARD_LIBRARIES = YES;
				BUNDLE_LOADER = "$(TEST_HOST)";
				CODE_SIGN_STYLE = Automatic;
				INFOPLIST_FILE = CurrencyConverterTests/Info.plist;
				LD_RUNPATH_SEARCH_PATHS = (
					"$(inherited)",
					"@executable_path/Frameworks",
					"@loader_path/Frameworks",
				);
				PRODUCT_BUNDLE_IDENTIFIER = tenshi.tech.CurrencyConverterTests;
				PRODUCT_NAME = "$(TARGET_NAME)";
				SWIFT_VERSION = 4.2;
				TARGETED_DEVICE_FAMILY = "1,2";
				TEST_HOST = "$(BUILT_PRODUCTS_DIR)/CurrencyConverter.app/CurrencyConverter";
			};
			name = Release;
		};
		ECAFE98A247D3FA8000E122C /* Debug */ = {
			isa = XCBuildConfiguration;
			buildSettings = {
				ALWAYS_EMBED_SWIFT_STANDARD_LIBRARIES = YES;
				CODE_SIGN_STYLE = Automatic;
				INFOPLIST_FILE = CurrencyConverterUITests/Info.plist;
				LD_RUNPATH_SEARCH_PATHS = (
					"$(inherited)",
					"@executable_path/Frameworks",
					"@loader_path/Frameworks",
				);
				PRODUCT_BUNDLE_IDENTIFIER = tenshi.tech.CurrencyConverterUITests;
				PRODUCT_NAME = "$(TARGET_NAME)";
				SWIFT_VERSION = 4.2;
				TARGETED_DEVICE_FAMILY = "1,2";
				TEST_TARGET_NAME = CurrencyConverter;
			};
			name = Debug;
		};
		ECAFE98B247D3FA8000E122C /* Release */ = {
			isa = XCBuildConfiguration;
			buildSettings = {
				ALWAYS_EMBED_SWIFT_STANDARD_LIBRARIES = YES;
				CODE_SIGN_STYLE = Automatic;
				INFOPLIST_FILE = CurrencyConverterUITests/Info.plist;
				LD_RUNPATH_SEARCH_PATHS = (
					"$(inherited)",
					"@executable_path/Frameworks",
					"@loader_path/Frameworks",
				);
				PRODUCT_BUNDLE_IDENTIFIER = tenshi.tech.CurrencyConverterUITests;
				PRODUCT_NAME = "$(TARGET_NAME)";
				SWIFT_VERSION = 4.2;
				TARGETED_DEVICE_FAMILY = "1,2";
				TEST_TARGET_NAME = CurrencyConverter;
			};
			name = Release;
		};
/* End XCBuildConfiguration section */

/* Begin XCConfigurationList section */
		ECAFE956247D3FA6000E122C /* Build configuration list for PBXProject "CurrencyConverter" */ = {
			isa = XCConfigurationList;
			buildConfigurations = (
				ECAFE981247D3FA8000E122C /* Debug */,
				ECAFE982247D3FA8000E122C /* Release */,
			);
			defaultConfigurationIsVisible = 0;
			defaultConfigurationName = Release;
		};
		ECAFE983247D3FA8000E122C /* Build configuration list for PBXNativeTarget "CurrencyConverter" */ = {
			isa = XCConfigurationList;
			buildConfigurations = (
				ECAFE984247D3FA8000E122C /* Debug */,
				ECAFE985247D3FA8000E122C /* Release */,
			);
			defaultConfigurationIsVisible = 0;
			defaultConfigurationName = Release;
		};
		ECAFE986247D3FA8000E122C /* Build configuration list for PBXNativeTarget "CurrencyConverterTests" */ = {
			isa = XCConfigurationList;
			buildConfigurations = (
				ECAFE987247D3FA8000E122C /* Debug */,
				ECAFE988247D3FA8000E122C /* Release */,
			);
			defaultConfigurationIsVisible = 0;
			defaultConfigurationName = Release;
		};
		ECAFE989247D3FA8000E122C /* Build configuration list for PBXNativeTarget "CurrencyConverterUITests" */ = {
			isa = XCConfigurationList;
			buildConfigurations = (
				ECAFE98A247D3FA8000E122C /* Debug */,
				ECAFE98B247D3FA8000E122C /* Release */,
			);
			defaultConfigurationIsVisible = 0;
			defaultConfigurationName = Release;
		};
/* End XCConfigurationList section */
	};
	rootObject = ECAFE953247D3FA6000E122C /* Project object */;
}
